
Microsoft Visual Studio Solution File, Format Version 12.00
# Visual Studio Version 16
VisualStudioVersion = 16.0.30523.141
MinimumVisualStudioVersion = 10.0.40219.1
Project("{FAE04EC0-301F-11D3-BF4B-00C04F79EFBC}") = "DJSets", "DJSets\DJSets.csproj", "{96EC8CB3-B498-47DB-B0F4-473CE83A1FB9}"
EndProject
Global
	GlobalSection(SolutionConfigurationPlatforms) = preSolution
		Debug|Any CPU = Debug|Any CPU
		Release|Any CPU = Release|Any CPU
	EndGlobalSection
	GlobalSection(ProjectConfigurationPlatforms) = postSolution
		{96EC8CB3-B498-47DB-B0F4-473CE83A1FB9}.Debug|Any CPU.ActiveCfg = Debug|Any CPU
		{96EC8CB3-B498-47DB-B0F4-473CE83A1FB9}.Debug|Any CPU.Build.0 = Debug|Any CPU
		{96EC8CB3-B498-47DB-B0F4-473CE83A1FB9}.Release|Any CPU.ActiveCfg = Release|Any CPU
		{96EC8CB3-B498-47DB-B0F4-473CE83A1FB9}.Release|Any CPU.Build.0 = Release|Any CPU
	EndGlobalSection
	GlobalSection(SolutionProperties) = preSolution
		HideSolutionNode = FALSE
	EndGlobalSection
	GlobalSection(ExtensibilityGlobals) = postSolution
		SolutionGuid = {898D43A9-EC14-4FE4-A747-83A155751214}
	EndGlobalSection
EndGlobal
